
Microsoft Visual Studio Solution File, Format Version 12.00
# Visual Studio 15
VisualStudioVersion = 15.0.28010.2019
MinimumVisualStudioVersion = 10.0.40219.1
Project("{FAE04EC0-301F-11D3-BF4B-00C04F79EFBC}") = "Chapter1_Homework_Programmingquestion4", "Chapter1_Homework_Programmingquestion4\Chapter1_Homework_Programmingquestion4.csproj", "{C2445D3F-740F-4FE2-816D-9B4605AFD233}"
EndProject
Global
	GlobalSection(SolutionConfigurationPlatforms) = preSolution
		Debug|Any CPU = Debug|Any CPU
		Release|Any CPU = Release|Any CPU
	EndGlobalSection
	GlobalSection(ProjectConfigurationPlatforms) = postSolution
		{C2445D3F-740F-4FE2-816D-9B4605AFD233}.Debug|Any CPU.ActiveCfg = Debug|Any CPU
		{C2445D3F-740F-4FE2-816D-9B4605AFD233}.Debug|Any CPU.Build.0 = Debug|Any CPU
		{C2445D3F-740F-4FE2-816D-9B4605AFD233}.Release|Any CPU.ActiveCfg = Release|Any CPU
		{C2445D3F-740F-4FE2-816D-9B4605AFD233}.Release|Any CPU.Build.0 = Release|Any CPU
	EndGlobalSection
	GlobalSection(SolutionProperties) = preSolution
		HideSolutionNode = FALSE
	EndGlobalSection
	GlobalSection(ExtensibilityGlobals) = postSolution
		SolutionGuid = {0BAF4614-D3B0-4C76-9A2C-AC7E2C006874}
	EndGlobalSection
EndGlobal
